
Microsoft Visual Studio Solution File, Format Version 12.00
# Visual Studio Version 17
VisualStudioVersion = 17.6.33723.286
MinimumVisualStudioVersion = 10.0.40219.1
Project("{FAE04EC0-301F-11D3-BF4B-00C04F79EFBC}") = "ApiRestBilling5", "ApiRestBilling5\ApiRestBilling5.csproj", "{8F8400DB-A0DC-4197-9F66-AEB9A52C6DCA}"
EndProject
Global
	GlobalSection(SolutionConfigurationPlatforms) = preSolution
		Debug|Any CPU = Debug|Any CPU
		Release|Any CPU = Release|Any CPU
	EndGlobalSection
	GlobalSection(ProjectConfigurationPlatforms) = postSolution
		{8F8400DB-A0DC-4197-9F66-AEB9A52C6DCA}.Debug|Any CPU.ActiveCfg = Debug|Any CPU
		{8F8400DB-A0DC-4197-9F66-AEB9A52C6DCA}.Debug|Any CPU.Build.0 = Debug|Any CPU
		{8F8400DB-A0DC-4197-9F66-AEB9A52C6DCA}.Release|Any CPU.ActiveCfg = Release|Any CPU
		{8F8400DB-A0DC-4197-9F66-AEB9A52C6DCA}.Release|Any CPU.Build.0 = Release|Any CPU
	EndGlobalSection
	GlobalSection(SolutionProperties) = preSolution
		HideSolutionNode = FALSE
	EndGlobalSection
	GlobalSection(ExtensibilityGlobals) = postSolution
		SolutionGuid = {4865B7CF-87F5-4CB2-B9DB-87B719A6B512}
	EndGlobalSection
EndGlobal
